// !$*UTF8*$!
{
	archiveVersion = 1;
	classes = {
	};
	objectVersion = 46;
	objects = {

/* Begin PBXAggregateTarget section */
		24416B8111C4CA220047AFDD /* Build & Test */ = {
			isa = PBXAggregateTarget;
			buildConfigurationList = 24416B8A11C4CA520047AFDD /* Build configuration list for PBXAggregateTarget "Build & Test" */;
			buildPhases = (
				24416B8011C4CA220047AFDD /* ShellScript */,
			);
			dependencies = (
				24416B8511C4CA280047AFDD /* PBXTargetDependency */,
			);
			name = "Build & Test";
			productName = "Build & test";
		};
/* End PBXAggregateTarget section */

/* Begin PBXBuildFile section */
		24DD6CF91134B3F500162E58 /* ComLikelysoftCardioModule.h in Headers */ = {isa = PBXBuildFile; fileRef = 24DD6CF71134B3F500162E58 /* ComLikelysoftCardioModule.h */; };
		24DD6CFA1134B3F500162E58 /* ComLikelysoftCardioModule.m in Sources */ = {isa = PBXBuildFile; fileRef = 24DD6CF81134B3F500162E58 /* ComLikelysoftCardioModule.m */; };
		24DE9E1111C5FE74003F90F6 /* ComLikelysoftCardioModuleAssets.h in Headers */ = {isa = PBXBuildFile; fileRef = 24DE9E0F11C5FE74003F90F6 /* ComLikelysoftCardioModuleAssets.h */; };
		24DE9E1211C5FE74003F90F6 /* ComLikelysoftCardioModuleAssets.m in Sources */ = {isa = PBXBuildFile; fileRef = 24DE9E1011C5FE74003F90F6 /* ComLikelysoftCardioModuleAssets.m */; };
		2D2156B21BBEF90A003CC2F0 /* AudioToolbox.framework in Frameworks */ = {isa = PBXBuildFile; fileRef = 2D2156B11BBEF90A003CC2F0 /* AudioToolbox.framework */; };
		2D2156B41BBEF910003CC2F0 /* AVFoundation.framework in Frameworks */ = {isa = PBXBuildFile; fileRef = 2D2156B31BBEF910003CC2F0 /* AVFoundation.framework */; };
		2D2156B61BBEF916003CC2F0 /* CoreGraphics.framework in Frameworks */ = {isa = PBXBuildFile; fileRef = 2D2156B51BBEF916003CC2F0 /* CoreGraphics.framework */; };
		2D2156B81BBEF91C003CC2F0 /* CoreMedia.framework in Frameworks */ = {isa = PBXBuildFile; fileRef = 2D2156B71BBEF91C003CC2F0 /* CoreMedia.framework */; };
		2D2156BA1BBEF923003CC2F0 /* CoreVideo.framework in Frameworks */ = {isa = PBXBuildFile; fileRef = 2D2156B91BBEF923003CC2F0 /* CoreVideo.framework */; };
		2D2156BC1BBEF930003CC2F0 /* MobileCoreServices.framework in Frameworks */ = {isa = PBXBuildFile; fileRef = 2D2156BB1BBEF930003CC2F0 /* MobileCoreServices.framework */; };
		2D2156BE1BBEF935003CC2F0 /* OpenGLES.framework in Frameworks */ = {isa = PBXBuildFile; fileRef = 2D2156BD1BBEF935003CC2F0 /* OpenGLES.framework */; };
		2D2156C01BBEF939003CC2F0 /* QuartzCore.framework in Frameworks */ = {isa = PBXBuildFile; fileRef = 2D2156BF1BBEF939003CC2F0 /* QuartzCore.framework */; };
		2D2156C21BBEF93F003CC2F0 /* Security.framework in Frameworks */ = {isa = PBXBuildFile; fileRef = 2D2156C11BBEF93F003CC2F0 /* Security.framework */; };
		2D2156C41BBEF943003CC2F0 /* UIKit.framework in Frameworks */ = {isa = PBXBuildFile; fileRef = 2D2156C31BBEF943003CC2F0 /* UIKit.framework */; };
		2D46C8C91BC5F0EE006F7BBA /* CardIO.h in Headers */ = {isa = PBXBuildFile; fileRef = 2D46C8C01BC5F0EE006F7BBA /* CardIO.h */; settings = {ASSET_TAGS = (); }; };
		2D46C8CA1BC5F0EE006F7BBA /* CardIOCreditCardInfo.h in Headers */ = {isa = PBXBuildFile; fileRef = 2D46C8C11BC5F0EE006F7BBA /* CardIOCreditCardInfo.h */; settings = {ASSET_TAGS = (); }; };
		2D46C8CB1BC5F0EE006F7BBA /* CardIODetectionMode.h in Headers */ = {isa = PBXBuildFile; fileRef = 2D46C8C21BC5F0EE006F7BBA /* CardIODetectionMode.h */; settings = {ASSET_TAGS = (); }; };
		2D46C8CC1BC5F0EE006F7BBA /* CardIOPaymentViewController.h in Headers */ = {isa = PBXBuildFile; fileRef = 2D46C8C31BC5F0EE006F7BBA /* CardIOPaymentViewController.h */; settings = {ASSET_TAGS = (); }; };
		2D46C8CD1BC5F0EE006F7BBA /* CardIOPaymentViewControllerDelegate.h in Headers */ = {isa = PBXBuildFile; fileRef = 2D46C8C41BC5F0EE006F7BBA /* CardIOPaymentViewControllerDelegate.h */; settings = {ASSET_TAGS = (); }; };
		2D46C8CE1BC5F0EE006F7BBA /* CardIOUtilities.h in Headers */ = {isa = PBXBuildFile; fileRef = 2D46C8C51BC5F0EE006F7BBA /* CardIOUtilities.h */; settings = {ASSET_TAGS = (); }; };
		2D46C8CF1BC5F0EE006F7BBA /* CardIOView.h in Headers */ = {isa = PBXBuildFile; fileRef = 2D46C8C61BC5F0EE006F7BBA /* CardIOView.h */; settings = {ASSET_TAGS = (); }; };
		2D46C8D01BC5F0EE006F7BBA /* CardIOViewDelegate.h in Headers */ = {isa = PBXBuildFile; fileRef = 2D46C8C71BC5F0EE006F7BBA /* CardIOViewDelegate.h */; settings = {ASSET_TAGS = (); }; };
		2D46C8D11BC5F0EE006F7BBA /* libCardIO.a in Frameworks */ = {isa = PBXBuildFile; fileRef = 2D46C8C81BC5F0EE006F7BBA /* libCardIO.a */; settings = {ASSET_TAGS = (); }; };
		AA747D9F0F9514B9006C5449 /* ComLikelysoftCardio_Prefix.pch in Headers */ = {isa = PBXBuildFile; fileRef = AA747D9E0F9514B9006C5449 /* ComLikelysoftCardio_Prefix.pch */; };
		AACBBE4A0F95108600F1A2B1 /* Foundation.framework in Frameworks */ = {isa = PBXBuildFile; fileRef = AACBBE490F95108600F1A2B1 /* Foundation.framework */; };
/* End PBXBuildFile section */

/* Begin PBXContainerItemProxy section */
		24416B8411C4CA280047AFDD /* PBXContainerItemProxy */ = {
			isa = PBXContainerItemProxy;
			containerPortal = 0867D690FE84028FC02AAC07 /* Project object */;
			proxyType = 1;
			remoteGlobalIDString = D2AAC07D0554694100DB518D;
			remoteInfo = ios;
		};
/* End PBXContainerItemProxy section */

/* Begin PBXFileReference section */
		24DD6CF71134B3F500162E58 /* ComLikelysoftCardioModule.h */ = {isa = PBXFileReference; fileEncoding = 4; lastKnownFileType = sourcecode.c.h; name = ComLikelysoftCardioModule.h; path = Classes/ComLikelysoftCardioModule.h; sourceTree = "<group>"; };
		24DD6CF81134B3F500162E58 /* ComLikelysoftCardioModule.m */ = {isa = PBXFileReference; fileEncoding = 4; lastKnownFileType = sourcecode.c.objc; name = ComLikelysoftCardioModule.m; path = Classes/ComLikelysoftCardioModule.m; sourceTree = "<group>"; };
		24DD6D1B1134B66800162E58 /* titanium.xcconfig */ = {isa = PBXFileReference; fileEncoding = 4; lastKnownFileType = text.xcconfig; path = titanium.xcconfig; sourceTree = "<group>"; };
		24DE9E0F11C5FE74003F90F6 /* ComLikelysoftCardioModuleAssets.h */ = {isa = PBXFileReference; fileEncoding = 4; lastKnownFileType = sourcecode.c.h; name = ComLikelysoftCardioModuleAssets.h; path = Classes/ComLikelysoftCardioModuleAssets.h; sourceTree = "<group>"; };
		24DE9E1011C5FE74003F90F6 /* ComLikelysoftCardioModuleAssets.m */ = {isa = PBXFileReference; fileEncoding = 4; lastKnownFileType = sourcecode.c.objc; name = ComLikelysoftCardioModuleAssets.m; path = Classes/ComLikelysoftCardioModuleAssets.m; sourceTree = "<group>"; };
		2D2156B11BBEF90A003CC2F0 /* AudioToolbox.framework */ = {isa = PBXFileReference; lastKnownFileType = wrapper.framework; name = AudioToolbox.framework; path = System/Library/Frameworks/AudioToolbox.framework; sourceTree = SDKROOT; };
		2D2156B31BBEF910003CC2F0 /* AVFoundation.framework */ = {isa = PBXFileReference; lastKnownFileType = wrapper.framework; name = AVFoundation.framework; path = System/Library/Frameworks/AVFoundation.framework; sourceTree = SDKROOT; };
		2D2156B51BBEF916003CC2F0 /* CoreGraphics.framework */ = {isa = PBXFileReference; lastKnownFileType = wrapper.framework; name = CoreGraphics.framework; path = System/Library/Frameworks/CoreGraphics.framework; sourceTree = SDKROOT; };
		2D2156B71BBEF91C003CC2F0 /* CoreMedia.framework */ = {isa = PBXFileReference; lastKnownFileType = wrapper.framework; name = CoreMedia.framework; path = System/Library/Frameworks/CoreMedia.framework; sourceTree = SDKROOT; };
		2D2156B91BBEF923003CC2F0 /* CoreVideo.framework */ = {isa = PBXFileReference; lastKnownFileType = wrapper.framework; name = CoreVideo.framework; path = System/Library/Frameworks/CoreVideo.framework; sourceTree = SDKROOT; };
		2D2156BB1BBEF930003CC2F0 /* MobileCoreServices.framework */ = {isa = PBXFileReference; lastKnownFileType = wrapper.framework; name = MobileCoreServices.framework; path = System/Library/Frameworks/MobileCoreServices.framework; sourceTree = SDKROOT; };
		2D2156BD1BBEF935003CC2F0 /* OpenGLES.framework */ = {isa = PBXFileReference; lastKnownFileType = wrapper.framework; name = OpenGLES.framework; path = System/Library/Frameworks/OpenGLES.framework; sourceTree = SDKROOT; };
		2D2156BF1BBEF939003CC2F0 /* QuartzCore.framework */ = {isa = PBXFileReference; lastKnownFileType = wrapper.framework; name = QuartzCore.framework; path = System/Library/Frameworks/QuartzCore.framework; sourceTree = SDKROOT; };
		2D2156C11BBEF93F003CC2F0 /* Security.framework */ = {isa = PBXFileReference; lastKnownFileType = wrapper.framework; name = Security.framework; path = System/Library/Frameworks/Security.framework; sourceTree = SDKROOT; };
		2D2156C31BBEF943003CC2F0 /* UIKit.framework */ = {isa = PBXFileReference; lastKnownFileType = wrapper.framework; name = UIKit.framework; path = System/Library/Frameworks/UIKit.framework; sourceTree = SDKROOT; };
		2D46C8C01BC5F0EE006F7BBA /* CardIO.h */ = {isa = PBXFileReference; fileEncoding = 4; lastKnownFileType = sourcecode.c.h; path = CardIO.h; sourceTree = "<group>"; };
		2D46C8C11BC5F0EE006F7BBA /* CardIOCreditCardInfo.h */ = {isa = PBXFileReference; fileEncoding = 4; lastKnownFileType = sourcecode.c.h; path = CardIOCreditCardInfo.h; sourceTree = "<group>"; };
		2D46C8C21BC5F0EE006F7BBA /* CardIODetectionMode.h */ = {isa = PBXFileReference; fileEncoding = 4; lastKnownFileType = sourcecode.c.h; path = CardIODetectionMode.h; sourceTree = "<group>"; };
		2D46C8C31BC5F0EE006F7BBA /* CardIOPaymentViewController.h */ = {isa = PBXFileReference; fileEncoding = 4; lastKnownFileType = sourcecode.c.h; path = CardIOPaymentViewController.h; sourceTree = "<group>"; };
		2D46C8C41BC5F0EE006F7BBA /* CardIOPaymentViewControllerDelegate.h */ = {isa = PBXFileReference; fileEncoding = 4; lastKnownFileType = sourcecode.c.h; path = CardIOPaymentViewControllerDelegate.h; sourceTree = "<group>"; };
		2D46C8C51BC5F0EE006F7BBA /* CardIOUtilities.h */ = {isa = PBXFileReference; fileEncoding = 4; lastKnownFileType = sourcecode.c.h; path = CardIOUtilities.h; sourceTree = "<group>"; };
		2D46C8C61BC5F0EE006F7BBA /* CardIOView.h */ = {isa = PBXFileReference; fileEncoding = 4; lastKnownFileType = sourcecode.c.h; path = CardIOView.h; sourceTree = "<group>"; };
		2D46C8C71BC5F0EE006F7BBA /* CardIOViewDelegate.h */ = {isa = PBXFileReference; fileEncoding = 4; lastKnownFileType = sourcecode.c.h; path = CardIOViewDelegate.h; sourceTree = "<group>"; };
		2D46C8C81BC5F0EE006F7BBA /* libCardIO.a */ = {isa = PBXFileReference; lastKnownFileType = archive.ar; path = libCardIO.a; sourceTree = "<group>"; };
		AA747D9E0F9514B9006C5449 /* ComLikelysoftCardio_Prefix.pch */ = {isa = PBXFileReference; fileEncoding = 4; lastKnownFileType = sourcecode.c.h; path = ComLikelysoftCardio_Prefix.pch; sourceTree = SOURCE_ROOT; };
		AACBBE490F95108600F1A2B1 /* Foundation.framework */ = {isa = PBXFileReference; lastKnownFileType = wrapper.framework; name = Foundation.framework; path = System/Library/Frameworks/Foundation.framework; sourceTree = SDKROOT; };
		D2AAC07E0554694100DB518D /* libComLikelysoftCardio.a */ = {isa = PBXFileReference; explicitFileType = archive.ar; includeInIndex = 0; path = libComLikelysoftCardio.a; sourceTree = BUILT_PRODUCTS_DIR; };
/* End PBXFileReference section */

/* Begin PBXFrameworksBuildPhase section */
		D2AAC07C0554694100DB518D /* Frameworks */ = {
			isa = PBXFrameworksBuildPhase;
			buildActionMask = 2147483647;
			files = (
				2D2156C41BBEF943003CC2F0 /* UIKit.framework in Frameworks */,
				2D2156C21BBEF93F003CC2F0 /* Security.framework in Frameworks */,
				2D2156C01BBEF939003CC2F0 /* QuartzCore.framework in Frameworks */,
				2D2156BE1BBEF935003CC2F0 /* OpenGLES.framework in Frameworks */,
				2D2156BC1BBEF930003CC2F0 /* MobileCoreServices.framework in Frameworks */,
				AACBBE4A0F95108600F1A2B1 /* Foundation.framework in Frameworks */,
				2D2156BA1BBEF923003CC2F0 /* CoreVideo.framework in Frameworks */,
				2D46C8D11BC5F0EE006F7BBA /* libCardIO.a in Frameworks */,
				2D2156B81BBEF91C003CC2F0 /* CoreMedia.framework in Frameworks */,
				2D2156B61BBEF916003CC2F0 /* CoreGraphics.framework in Frameworks */,
				2D2156B41BBEF910003CC2F0 /* AVFoundation.framework in Frameworks */,
				2D2156B21BBEF90A003CC2F0 /* AudioToolbox.framework in Frameworks */,
			);
			runOnlyForDeploymentPostprocessing = 0;
		};
/* End PBXFrameworksBuildPhase section */

/* Begin PBXGroup section */
		034768DFFF38A50411DB9C8B /* Products */ = {
			isa = PBXGroup;
			children = (
				D2AAC07E0554694100DB518D /* libComLikelysoftCardio.a */,
			);
			name = Products;
			sourceTree = "<group>";
		};
		0867D691FE84028FC02AAC07 /* ios */ = {
			isa = PBXGroup;
			children = (
				2D46C8BF1BC5F0EE006F7BBA /* CardIO */,
				08FB77AEFE84172EC02AAC07 /* Classes */,
				32C88DFF0371C24200C91783 /* Other Sources */,
				0867D69AFE84028FC02AAC07 /* Frameworks */,
				034768DFFF38A50411DB9C8B /* Products */,
			);
			name = ios;
			sourceTree = "<group>";
		};
		0867D69AFE84028FC02AAC07 /* Frameworks */ = {
			isa = PBXGroup;
			children = (
				2D2156C31BBEF943003CC2F0 /* UIKit.framework */,
				2D2156C11BBEF93F003CC2F0 /* Security.framework */,
				2D2156BF1BBEF939003CC2F0 /* QuartzCore.framework */,
				2D2156BD1BBEF935003CC2F0 /* OpenGLES.framework */,
				2D2156BB1BBEF930003CC2F0 /* MobileCoreServices.framework */,
				2D2156B91BBEF923003CC2F0 /* CoreVideo.framework */,
				2D2156B71BBEF91C003CC2F0 /* CoreMedia.framework */,
				2D2156B51BBEF916003CC2F0 /* CoreGraphics.framework */,
				2D2156B31BBEF910003CC2F0 /* AVFoundation.framework */,
				2D2156B11BBEF90A003CC2F0 /* AudioToolbox.framework */,
				AACBBE490F95108600F1A2B1 /* Foundation.framework */,
			);
			name = Frameworks;
			sourceTree = "<group>";
		};
		08FB77AEFE84172EC02AAC07 /* Classes */ = {
			isa = PBXGroup;
			children = (
				24DE9E0F11C5FE74003F90F6 /* ComLikelysoftCardioModuleAssets.h */,
				24DE9E1011C5FE74003F90F6 /* ComLikelysoftCardioModuleAssets.m */,
				24DD6CF71134B3F500162E58 /* ComLikelysoftCardioModule.h */,
				24DD6CF81134B3F500162E58 /* ComLikelysoftCardioModule.m */,
			);
			name = Classes;
			sourceTree = "<group>";
		};
		2D46C8BF1BC5F0EE006F7BBA /* CardIO */ = {
			isa = PBXGroup;
			children = (
				2D46C8C01BC5F0EE006F7BBA /* CardIO.h */,
				2D46C8C11BC5F0EE006F7BBA /* CardIOCreditCardInfo.h */,
				2D46C8C21BC5F0EE006F7BBA /* CardIODetectionMode.h */,
				2D46C8C31BC5F0EE006F7BBA /* CardIOPaymentViewController.h */,
				2D46C8C41BC5F0EE006F7BBA /* CardIOPaymentViewControllerDelegate.h */,
				2D46C8C51BC5F0EE006F7BBA /* CardIOUtilities.h */,
				2D46C8C61BC5F0EE006F7BBA /* CardIOView.h */,
				2D46C8C71BC5F0EE006F7BBA /* CardIOViewDelegate.h */,
				2D46C8C81BC5F0EE006F7BBA /* libCardIO.a */,
			);
			path = CardIO;
			sourceTree = "<group>";
		};
		32C88DFF0371C24200C91783 /* Other Sources */ = {
			isa = PBXGroup;
			children = (
				AA747D9E0F9514B9006C5449 /* ComLikelysoftCardio_Prefix.pch */,
				24DD6D1B1134B66800162E58 /* titanium.xcconfig */,
			);
			name = "Other Sources";
			sourceTree = "<group>";
		};
/* End PBXGroup section */

/* Begin PBXHeadersBuildPhase section */
		D2AAC07A0554694100DB518D /* Headers */ = {
			isa = PBXHeadersBuildPhase;
			buildActionMask = 2147483647;
			files = (
				2D46C8C91BC5F0EE006F7BBA /* CardIO.h in Headers */,
				2D46C8CB1BC5F0EE006F7BBA /* CardIODetectionMode.h in Headers */,
				AA747D9F0F9514B9006C5449 /* ComLikelysoftCardio_Prefix.pch in Headers */,
				2D46C8D01BC5F0EE006F7BBA /* CardIOViewDelegate.h in Headers */,
				2D46C8CF1BC5F0EE006F7BBA /* CardIOView.h in Headers */,
				24DD6CF91134B3F500162E58 /* ComLikelysoftCardioModule.h in Headers */,
				2D46C8CC1BC5F0EE006F7BBA /* CardIOPaymentViewController.h in Headers */,
				2D46C8CE1BC5F0EE006F7BBA /* CardIOUtilities.h in Headers */,
				2D46C8CD1BC5F0EE006F7BBA /* CardIOPaymentViewControllerDelegate.h in Headers */,
				24DE9E1111C5FE74003F90F6 /* ComLikelysoftCardioModuleAssets.h in Headers */,
				2D46C8CA1BC5F0EE006F7BBA /* CardIOCreditCardInfo.h in Headers */,
			);
			runOnlyForDeploymentPostprocessing = 0;
		};
/* End PBXHeadersBuildPhase section */

/* Begin PBXNativeTarget section */
		D2AAC07D0554694100DB518D /* ios */ = {
			isa = PBXNativeTarget;
			buildConfigurationList = 1DEB921E08733DC00010E9CD /* Build configuration list for PBXNativeTarget "ios" */;
			buildPhases = (
				D2AAC07A0554694100DB518D /* Headers */,
				D2AAC07B0554694100DB518D /* Sources */,
				D2AAC07C0554694100DB518D /* Frameworks */,
			);
			buildRules = (
			);
			dependencies = (
			);
			name = ios;
			productName = ios;
			productReference = D2AAC07E0554694100DB518D /* libComLikelysoftCardio.a */;
			productType = "com.apple.product-type.library.static";
		};
/* End PBXNativeTarget section */

/* Begin PBXProject section */
		0867D690FE84028FC02AAC07 /* Project object */ = {
			isa = PBXProject;
			attributes = {
				LastUpgradeCheck = 0600;
			};
			buildConfigurationList = 1DEB922208733DC00010E9CD /* Build configuration list for PBXProject "ComLikelysoftCardio" */;
			compatibilityVersion = "Xcode 3.2";
			developmentRegion = English;
			hasScannedForEncodings = 1;
			knownRegions = (
				English,
				Japanese,
				French,
				German,
			);
			mainGroup = 0867D691FE84028FC02AAC07 /* ios */;
			productRefGroup = 034768DFFF38A50411DB9C8B /* Products */;
			projectDirPath = "";
			projectRoot = "";
			targets = (
				D2AAC07D0554694100DB518D /* ios */,
				24416B8111C4CA220047AFDD /* Build & Test */,
			);
		};
/* End PBXProject section */

/* Begin PBXShellScriptBuildPhase section */
		24416B8011C4CA220047AFDD /* ShellScript */ = {
			isa = PBXShellScriptBuildPhase;
			buildActionMask = 2147483647;
			files = (
			);
			inputPaths = (
			);
			outputPaths = (
			);
			runOnlyForDeploymentPostprocessing = 0;
			shellPath = /bin/sh;
			shellScript = "# shell script goes here\n\npython \"${TITANIUM_SDK}/titanium.py\" run --dir=\"${PROJECT_DIR}\"\nexit $?\n";
		};
/* End PBXShellScriptBuildPhase section */

/* Begin PBXSourcesBuildPhase section */
		D2AAC07B0554694100DB518D /* Sources */ = {
			isa = PBXSourcesBuildPhase;
			buildActionMask = 2147483647;
			files = (
				24DD6CFA1134B3F500162E58 /* ComLikelysoftCardioModule.m in Sources */,
				24DE9E1211C5FE74003F90F6 /* ComLikelysoftCardioModuleAssets.m in Sources */,
			);
			runOnlyForDeploymentPostprocessing = 0;
		};
/* End PBXSourcesBuildPhase section */

/* Begin PBXTargetDependency section */
		24416B8511C4CA280047AFDD /* PBXTargetDependency */ = {
			isa = PBXTargetDependency;
			target = D2AAC07D0554694100DB518D /* ios */;
			targetProxy = 24416B8411C4CA280047AFDD /* PBXContainerItemProxy */;
		};
/* End PBXTargetDependency section */

/* Begin XCBuildConfiguration section */
		1DEB921F08733DC00010E9CD /* Debug */ = {
			isa = XCBuildConfiguration;
			baseConfigurationReference = 24DD6D1B1134B66800162E58 /* titanium.xcconfig */;
			buildSettings = {
				CODE_SIGN_IDENTITY = "iPhone Developer";
				"CODE_SIGN_IDENTITY[sdk=iphoneos*]" = "iPhone Developer";
				DSTROOT = /tmp/ComLikelysoftCardio.dst;
				GCC_C_LANGUAGE_STANDARD = c99;
				GCC_OPTIMIZATION_LEVEL = 0;
				GCC_PRECOMPILE_PREFIX_HEADER = YES;
				GCC_PREFIX_HEADER = ComLikelysoftCardio_Prefix.pch;
				GCC_PREPROCESSOR_DEFINITIONS = "TI_VERSION=$(TI_VERSION)";
				GCC_TREAT_WARNINGS_AS_ERRORS = NO;
				GCC_VERSION = "";
				GCC_WARN_ABOUT_RETURN_TYPE = NO;
				GCC_WARN_MISSING_PARENTHESES = NO;
				GCC_WARN_SHADOW = NO;
				GCC_WARN_STRICT_SELECTOR_MATCH = NO;
				GCC_WARN_UNUSED_FUNCTION = YES;
				GCC_WARN_UNUSED_PARAMETER = NO;
				GCC_WARN_UNUSED_VALUE = NO;
				GCC_WARN_UNUSED_VARIABLE = NO;
				INSTALL_PATH = /usr/local/lib;
				IPHONEOS_DEPLOYMENT_TARGET = 6.0;
				LIBRARY_SEARCH_PATHS = (
					"$(PROJECT_DIR)/CardIO",
					"$(PROJECT_DIR)/CardIO/CardIO",
				);
				OTHER_CFLAGS = (
					"-DDEBUG",
					"-DTI_POST_1_2",
				);
				OTHER_LDFLAGS = "-ObjC";
				PRODUCT_NAME = ComLikelysoftCardio;
				PROVISIONING_PROFILE = "";
				"PROVISIONING_PROFILE[sdk=iphoneos*]" = "";
				RUN_CLANG_STATIC_ANALYZER = NO;
				SDKROOT = iphoneos;
				USER_HEADER_SEARCH_PATHS = "";
			};
			name = Debug;
		};
		1DEB922008733DC00010E9CD /* Release */ = {
			isa = XCBuildConfiguration;
			baseConfigurationReference = 24DD6D1B1134B66800162E58 /* titanium.xcconfig */;
			buildSettings = {
				ALWAYS_SEARCH_USER_PATHS = NO;
				DSTROOT = /tmp/ComLikelysoftCardio.dst;
				GCC_C_LANGUAGE_STANDARD = c99;
				GCC_MODEL_TUNING = G5;
				GCC_PRECOMPILE_PREFIX_HEADER = YES;
				GCC_PREFIX_HEADER = ComLikelysoftCardio_Prefix.pch;
				GCC_PREPROCESSOR_DEFINITIONS = "TI_VERSION=$(TI_VERSION)";
				GCC_TREAT_WARNINGS_AS_ERRORS = NO;
				GCC_VERSION = "";
				GCC_WARN_ABOUT_RETURN_TYPE = NO;
				GCC_WARN_MISSING_PARENTHESES = NO;
				GCC_WARN_SHADOW = NO;
				GCC_WARN_STRICT_SELECTOR_MATCH = NO;
				GCC_WARN_UNUSED_FUNCTION = YES;
				GCC_WARN_UNUSED_PARAMETER = NO;
				GCC_WARN_UNUSED_VALUE = NO;
				GCC_WARN_UNUSED_VARIABLE = NO;
				INSTALL_PATH = /usr/local/lib;
				IPHONEOS_DEPLOYMENT_TARGET = 6.0;
				LIBRARY_SEARCH_PATHS = (
					"$(PROJECT_DIR)/CardIO",
					"$(PROJECT_DIR)/CardIO/CardIO",
				);
				OTHER_CFLAGS = "-DTI_POST_1_2";
				OTHER_LDFLAGS = "-ObjC";
				PRODUCT_NAME = ComLikelysoftCardio;
				RUN_CLANG_STATIC_ANALYZER = NO;
				SDKROOT = iphoneos;
				USER_HEADER_SEARCH_PATHS = "";
			};
			name = Release;
		};
		1DEB922308733DC00010E9CD /* Debug */ = {
			isa = XCBuildConfiguration;
			baseConfigurationReference = 24DD6D1B1134B66800162E58 /* titanium.xcconfig */;
			buildSettings = {
				CLANG_CXX_LIBRARY = "libstdc++";
				CODE_SIGN_IDENTITY = "iPhone Developer";
				"CODE_SIGN_IDENTITY[sdk=iphoneos*]" = "iPhone Developer";
				DSTROOT = /tmp/ComLikelysoftCardio.dst;
				GCC_C_LANGUAGE_STANDARD = c99;
				GCC_OPTIMIZATION_LEVEL = 0;
				GCC_PRECOMPILE_PREFIX_HEADER = YES;
				GCC_PREFIX_HEADER = ComLikelysoftCardio_Prefix.pch;
				GCC_PREPROCESSOR_DEFINITIONS = "TI_VERSION=$(TI_VERSION)";
				GCC_TREAT_WARNINGS_AS_ERRORS = NO;
				GCC_VERSION = "";
				GCC_WARN_ABOUT_RETURN_TYPE = NO;
				GCC_WARN_MISSING_PARENTHESES = NO;
				GCC_WARN_SHADOW = NO;
				GCC_WARN_STRICT_SELECTOR_MATCH = NO;
				GCC_WARN_UNUSED_FUNCTION = YES;
				GCC_WARN_UNUSED_PARAMETER = NO;
				GCC_WARN_UNUSED_VALUE = NO;
				GCC_WARN_UNUSED_VARIABLE = NO;
				INSTALL_PATH = /usr/local/lib;
				ONLY_ACTIVE_ARCH = YES;
				OTHER_CFLAGS = (
					"-DDEBUG",
					"-DTI_POST_1_2",
				);
				OTHER_LDFLAGS = "-ObjC";
				PRODUCT_NAME = ComLikelysoftCardio;
				PROVISIONING_PROFILE = "";
				"PROVISIONING_PROFILE[sdk=iphoneos*]" = "";
				RUN_CLANG_STATIC_ANALYZER = NO;
				SDKROOT = iphoneos;
				USER_HEADER_SEARCH_PATHS = "";
			};
			name = Debug;
		};
		1DEB922408733DC00010E9CD /* Release */ = {
			isa = XCBuildConfiguration;
			baseConfigurationReference = 24DD6D1B1134B66800162E58 /* titanium.xcconfig */;
			buildSettings = {
				ALWAYS_SEARCH_USER_PATHS = NO;
				CLANG_CXX_LIBRARY = "libstdc++";
				DSTROOT = /tmp/ComLikelysoftCardio.dst;
				GCC_C_LANGUAGE_STANDARD = c99;
				GCC_MODEL_TUNING = G5;
				GCC_PRECOMPILE_PREFIX_HEADER = YES;
				GCC_PREFIX_HEADER = ComLikelysoftCardio_Prefix.pch;
				GCC_PREPROCESSOR_DEFINITIONS = "TI_VERSION=$(TI_VERSION)";
				GCC_TREAT_WARNINGS_AS_ERRORS = NO;
				GCC_VERSION = "";
				GCC_WARN_ABOUT_RETURN_TYPE = NO;
				GCC_WARN_MISSING_PARENTHESES = NO;
				GCC_WARN_SHADOW = NO;
				GCC_WARN_STRICT_SELECTOR_MATCH = NO;
				GCC_WARN_UNUSED_FUNCTION = YES;
				GCC_WARN_UNUSED_PARAMETER = NO;
				GCC_WARN_UNUSED_VALUE = NO;
				GCC_WARN_UNUSED_VARIABLE = NO;
				INSTALL_PATH = /usr/local/lib;
				IPHONEOS_DEPLOYMENT_TARGET = 6.0;
				OTHER_CFLAGS = "-DTI_POST_1_2";
				OTHER_LDFLAGS = "-ObjC";
				PRODUCT_NAME = ComLikelysoftCardio;
				RUN_CLANG_STATIC_ANALYZER = NO;
				SDKROOT = iphoneos;
				USER_HEADER_SEARCH_PATHS = "";
			};
			name = Release;
		};
		24416B8211C4CA220047AFDD /* Debug */ = {
			isa = XCBuildConfiguration;
			baseConfigurationReference = 24DD6D1B1134B66800162E58 /* titanium.xcconfig */;
			buildSettings = {
				COPY_PHASE_STRIP = NO;
				GCC_DYNAMIC_NO_PIC = NO;
				GCC_OPTIMIZATION_LEVEL = 0;
				PRODUCT_NAME = "Build & test";
			};
			name = Debug;
		};
		24416B8311C4CA220047AFDD /* Release */ = {
			isa = XCBuildConfiguration;
			baseConfigurationReference = 24DD6D1B1134B66800162E58 /* titanium.xcconfig */;
			buildSettings = {
				COPY_PHASE_STRIP = YES;
				DEBUG_INFORMATION_FORMAT = "dwarf-with-dsym";
				GCC_ENABLE_FIX_AND_CONTINUE = NO;
				PRODUCT_NAME = "Build & test";
				ZERO_LINK = NO;
			};
			name = Release;
		};
/* End XCBuildConfiguration section */

/* Begin XCConfigurationList section */
		1DEB921E08733DC00010E9CD /* Build configuration list for PBXNativeTarget "ios" */ = {
			isa = XCConfigurationList;
			buildConfigurations = (
				1DEB921F08733DC00010E9CD /* Debug */,
				1DEB922008733DC00010E9CD /* Release */,
			);
			defaultConfigurationIsVisible = 0;
			defaultConfigurationName = Release;
		};
		1DEB922208733DC00010E9CD /* Build configuration list for PBXProject "ComLikelysoftCardio" */ = {
			isa = XCConfigurationList;
			buildConfigurations = (
				1DEB922308733DC00010E9CD /* Debug */,
				1DEB922408733DC00010E9CD /* Release */,
			);
			defaultConfigurationIsVisible = 0;
			defaultConfigurationName = Release;
		};
		24416B8A11C4CA520047AFDD /* Build configuration list for PBXAggregateTarget "Build & Test" */ = {
			isa = XCConfigurationList;
			buildConfigurations = (
				24416B8211C4CA220047AFDD /* Debug */,
				24416B8311C4CA220047AFDD /* Release */,
			);
			defaultConfigurationIsVisible = 0;
			defaultConfigurationName = Release;
		};
/* End XCConfigurationList section */
	};
	rootObject = 0867D690FE84028FC02AAC07 /* Project object */;
}
